adduser=3.134
apt=2.6.1
base-files=12.4+deb12u15
base-passwd=3.6.1
bash=5.2.15-2+b13
binutils-common:amd64=2.40-2
binutils-x86-64-linux-gnu=2.40-2
binutils=2.40-2
bsdutils=1:2.38.1-5+deb12u3
build-essential=12.9
bzip2=1.0.8-5+b1
ca-certificates=20230311+deb12u1
coreutils=9.1-1
cpp-12=12.2.0-14+deb12u1
cpp=4:12.2.0-3
curl=7.88.1-10+deb12u15
dash=0.5.12-2
debconf=1.5.82
debian-archive-keyring=2023.3+deb12u2
debianutils=5.7-0.5~deb12u1
diffutils=1:3.8-4
dpkg-dev=1.21.23
dpkg=1.21.23
e2fsprogs=1.47.0-2+b2
findutils=4.9.0-4
g++-12=12.2.0-14+deb12u1
g++=4:12.2.0-3
gcc-12-base:amd64=12.2.0-14+deb12u1
gcc-12=12.2.0-14+deb12u1
gcc=4:12.2.0-3
git-man=1:2.39.5-0+deb12u3
git=1:2.39.5-0+deb12u3
gpgv=2.2.40-1.1+deb12u2
grep=3.8-5
gzip=1.12-1
hostname=3.23+nmu1
init-system-helpers=1.65.2+deb12u1
libacl1:amd64=2.3.1-3
libapt-pkg6.0:amd64=2.6.1
libasan8:amd64=12.2.0-14+deb12u1
libatomic1:amd64=12.2.0-14+deb12u1
libattr1:amd64=1:2.5.1-4
libaudit-common=1:3.0.9-1
libaudit1:amd64=1:3.0.9-1
libbinutils:amd64=2.40-2
libblkid1:amd64=2.38.1-5+deb12u3
libbrotli1:amd64=1.0.9-2+b6
libbz2-1.0:amd64=1.0.8-5+b1
libc-bin=2.36-9+deb12u14
libc-dev-bin=2.36-9+deb12u14
libc6-dev:amd64=2.36-9+deb12u14
libc6:amd64=2.36-9+deb12u14
libcap-ng0:amd64=0.8.3-1+b3
libcap2:amd64=1:2.66-4+deb12u3+b1
libcc1-0:amd64=12.2.0-14+deb12u1
libcom-err2:amd64=1.47.0-2+b2
libcrypt-dev:amd64=1:4.4.33-2
libcrypt1:amd64=1:4.4.33-2
libctf-nobfd0:amd64=2.40-2
libctf0:amd64=2.40-2
libcurl3-gnutls:amd64=7.88.1-10+deb12u15
libcurl4:amd64=7.88.1-10+deb12u15
libdb5.3:amd64=5.3.28+dfsg2-1
libdebconfclient0:amd64=0.270
libdpkg-perl=1.21.23
liberror-perl=0.17029-2
libexpat1:amd64=2.5.0-1+deb12u2
libext2fs2:amd64=1.47.0-2+b2
libffi8:amd64=3.4.4-1
libgcc-12-dev:amd64=12.2.0-14+deb12u1
libgcc-s1:amd64=12.2.0-14+deb12u1
libgcrypt20:amd64=1.10.1-3+deb12u1
libgdbm-compat4:amd64=1.23-3
libgdbm6:amd64=1.23-3
libgmp10:amd64=2:6.2.1+dfsg1-1.1
libgnutls30:amd64=3.7.9-2+deb12u7
libgomp1:amd64=12.2.0-14+deb12u1
libgpg-error0:amd64=1.46-1
libgprofng0:amd64=2.40-2
libgssapi-krb5-2:amd64=1.20.1-2+deb12u5
libhogweed6:amd64=3.8.1-2
libidn2-0:amd64=2.3.3-1+b1
libisl23:amd64=0.25-1.1
libitm1:amd64=12.2.0-14+deb12u1
libjansson4:amd64=2.14-2
libk5crypto3:amd64=1.20.1-2+deb12u5
libkeyutils1:amd64=1.6.3-2
libkrb5-3:amd64=1.20.1-2+deb12u5
libkrb5support0:amd64=1.20.1-2+deb12u5
libldap-2.5-0:amd64=2.5.13+dfsg-5
liblsan0:amd64=12.2.0-14+deb12u1
liblz4-1:amd64=1.9.4-1
liblzma5:amd64=5.4.1-1+deb12u1
libmd0:amd64=1.0.4-2
libmount1:amd64=2.38.1-5+deb12u3
libmpc3:amd64=1.3.1-1
libmpfr6:amd64=4.2.0-1
libncursesw6:amd64=6.4-4
libnettle8:amd64=3.8.1-2
libnghttp2-14:amd64=1.52.0-1+deb12u3
libnsl-dev:amd64=1.3.0-2
libnsl2:amd64=1.3.0-2
libp11-kit0:amd64=0.24.1-2
libpam-modules-bin=1.5.2-6+deb12u2
libpam-modules:amd64=1.5.2-6+deb12u2
libpam-runtime=1.5.2-6+deb12u2
libpam0g:amd64=1.5.2-6+deb12u2
libpcre2-8-0:amd64=10.42-1
libperl5.36:amd64=5.36.0-7+deb12u3
libpsl5:amd64=0.21.2-1
libpython3-stdlib:amd64=3.11.2-1+b1
libpython3.11-minimal:amd64=3.11.2-6+deb12u8
libpython3.11-stdlib:amd64=3.11.2-6+deb12u8
libquadmath0:amd64=12.2.0-14+deb12u1
libreadline8:amd64=8.2-1.3
librtmp1:amd64=2.4+20151223.gitfa8646d.1-2+b2
libsasl2-2:amd64=2.1.28+dfsg-10
libsasl2-modules-db:amd64=2.1.28+dfsg-10
libseccomp2:amd64=2.5.4-1+deb12u1
libselinux1:amd64=3.4-1+b6
libsemanage-common=3.4-1
libsemanage2:amd64=3.4-1+b5
libsepol2:amd64=3.4-2.1
libsmartcols1:amd64=2.38.1-5+deb12u3
libsqlite3-0:amd64=3.40.1-2+deb12u2
libss2:amd64=1.47.0-2+b2
libssh2-1:amd64=1.10.0-3+b1
libssl3:amd64=3.0.20-1~deb12u2
libstdc++-12-dev:amd64=12.2.0-14+deb12u1
libstdc++6:amd64=12.2.0-14+deb12u1
libsystemd0:amd64=252.39-1~deb12u2
libtasn1-6:amd64=4.19.0-2+deb12u1
libtinfo6:amd64=6.4-4
libtirpc-common=1.3.3+ds-1
libtirpc-dev:amd64=1.3.3+ds-1
libtirpc3:amd64=1.3.3+ds-1
libtsan2:amd64=12.2.0-14+deb12u1
libubsan1:amd64=12.2.0-14+deb12u1
libudev1:amd64=252.39-1~deb12u2
libunistring2:amd64=1.0-2
libuuid1:amd64=2.38.1-5+deb12u3
libxxhash0:amd64=0.8.1-1
libzstd1:amd64=1.5.4+dfsg2-5
linux-libc-dev:amd64=6.1.176-1
login=1:4.13+dfsg1-1+deb12u2
logsave=1.47.0-2+b2
make=4.3-4.1
mawk=1.3.4.20200120-3.1
media-types=10.0.0
mount=2.38.1-5+deb12u3
ncurses-base=6.4-4
ncurses-bin=6.4-4
openssl=3.0.20-1~deb12u2
passwd=1:4.13+dfsg1-1+deb12u2
patch=2.7.6-7
perl-base=5.36.0-7+deb12u3
perl-modules-5.36=5.36.0-7+deb12u3
perl=5.36.0-7+deb12u3
python3-minimal=3.11.2-1+b1
python3.11-minimal=3.11.2-6+deb12u8
python3.11=3.11.2-6+deb12u8
python3=3.11.2-1+b1
readline-common=8.2-1.3
rpcsvc-proto=1.4.3-1
sed=4.9-1+deb12u1
sysvinit-utils=3.06-4
tar=1.34+dfsg-1.2+deb12u1
tzdata=2026b-0+deb12u1
unzip=6.0-28
usr-is-merged=37~deb12u1
util-linux-extra=2.38.1-5+deb12u3
util-linux=2.38.1-5+deb12u3
xz-utils=5.4.1-1+deb12u1
zlib1g:amd64=1:1.2.13.dfsg-1
