adduser=3.134
adwaita-icon-theme=43-1
apt=2.6.1
at-spi2-common=2.46.0-5
base-files=12.4+deb12u15
base-passwd=3.6.1
bash=5.2.15-2+b13
binutils-common:amd64=2.40-2
binutils-x86-64-linux-gnu=2.40-2
binutils=2.40-2
bsdutils=1:2.38.1-5+deb12u3
build-essential=12.9
bzip2=1.0.8-5+b1
ca-certificates=20230311+deb12u1
clang-14=1:14.0.6-12
clang=1:14.0-55.7~deb12u1
cmake-data=3.25.1-1
cmake=3.25.1-1
coreutils=9.1-1
cpp-12=12.2.0-14+deb12u1
cpp=4:12.2.0-3
curl=7.88.1-10+deb12u15
dash=0.5.12-2
dbus-bin=1.14.10-1~deb12u1
dbus-daemon=1.14.10-1~deb12u1
dbus-session-bus-common=1.14.10-1~deb12u1
dbus-system-bus-common=1.14.10-1~deb12u1
dbus-user-session=1.14.10-1~deb12u1
dbus=1.14.10-1~deb12u1
dconf-gsettings-backend:amd64=0.40.0-4
dconf-service=0.40.0-4
debconf=1.5.82
debian-archive-keyring=2023.3+deb12u2
debianutils=5.7-0.5~deb12u1
diffutils=1:3.8-4
dmsetup=2:1.02.185-2
dpkg-dev=1.21.23
dpkg=1.21.23
e2fsprogs=1.47.0-2+b2
findutils=4.9.0-4
fontconfig-config=2.14.1-4
fontconfig=2.14.1-4
fonts-dejavu-core=2.37-6
g++-12=12.2.0-14+deb12u1
g++=4:12.2.0-3
gcc-12-base:amd64=12.2.0-14+deb12u1
gcc-12=12.2.0-14+deb12u1
gcc=4:12.2.0-3
gir1.2-atk-1.0:amd64=2.46.0-5
gir1.2-atspi-2.0:amd64=2.46.0-5
gir1.2-freedesktop:amd64=1.74.0-3
gir1.2-gdkpixbuf-2.0:amd64=2.42.10+dfsg-1+deb12u4
gir1.2-glib-2.0:amd64=1.74.0-3
gir1.2-gtk-3.0:amd64=3.24.38-2~deb12u3
gir1.2-harfbuzz-0.0:amd64=6.0.0+dfsg-3
gir1.2-pango-1.0:amd64=1.50.12+ds-1
gir1.2-secret-1:amd64=0.20.5-3
git-man=1:2.39.5-0+deb12u3
git=1:2.39.5-0+deb12u3
gpgv=2.2.40-1.1+deb12u2
grep=3.8-5
gtk-update-icon-cache=3.24.38-2~deb12u3
gzip=1.12-1
hicolor-icon-theme=0.17-2
hostname=3.23+nmu1
icu-devtools=72.1-3+deb12u1
init-system-helpers=1.65.2+deb12u1
libacl1:amd64=2.3.1-3
libapparmor1:amd64=3.0.8-3
libapt-pkg6.0:amd64=2.6.1
libarchive13:amd64=3.6.2-1+deb12u4
libargon2-1:amd64=0~20171227-0.3+deb12u1
libasan8:amd64=12.2.0-14+deb12u1
libatk-bridge2.0-0:amd64=2.46.0-5
libatk-bridge2.0-dev:amd64=2.46.0-5
libatk1.0-0:amd64=2.46.0-5
libatk1.0-dev:amd64=2.46.0-5
libatomic1:amd64=12.2.0-14+deb12u1
libatspi2.0-0:amd64=2.46.0-5
libatspi2.0-dev:amd64=2.46.0-5
libattr1:amd64=1:2.5.1-4
libaudit-common=1:3.0.9-1
libaudit1:amd64=1:3.0.9-1
libavahi-client3:amd64=0.8-10+deb12u1
libavahi-common-data:amd64=0.8-10+deb12u1
libavahi-common3:amd64=0.8-10+deb12u1
libbinutils:amd64=2.40-2
libblkid-dev:amd64=2.38.1-5+deb12u3
libblkid1:amd64=2.38.1-5+deb12u3
libbrotli-dev:amd64=1.0.9-2+b6
libbrotli1:amd64=1.0.9-2+b6
libbsd0:amd64=0.11.7-2
libbz2-1.0:amd64=1.0.8-5+b1
libc-bin=2.36-9+deb12u14
libc-dev-bin=2.36-9+deb12u14
libc6-dev:amd64=2.36-9+deb12u14
libc6:amd64=2.36-9+deb12u14
libcairo-gobject2:amd64=1.16.0-7
libcairo-script-interpreter2:amd64=1.16.0-7
libcairo2-dev:amd64=1.16.0-7
libcairo2:amd64=1.16.0-7
libcap-ng0:amd64=0.8.3-1+b3
libcap2:amd64=1:2.66-4+deb12u3+b1
libcc1-0:amd64=12.2.0-14+deb12u1
libclang-common-14-dev=1:14.0.6-12
libclang-cpp14=1:14.0.6-12
libclang1-14=1:14.0.6-12
libcolord2:amd64=1.4.6-2.2
libcom-err2:amd64=1.47.0-2+b2
libcrypt-dev:amd64=1:4.4.33-2
libcrypt1:amd64=1:4.4.33-2
libcryptsetup12:amd64=2:2.6.1-4~deb12u2
libctf-nobfd0:amd64=2.40-2
libctf0:amd64=2.40-2
libcups2:amd64=2.4.2-3+deb12u9
libcurl3-gnutls:amd64=7.88.1-10+deb12u15
libcurl4:amd64=7.88.1-10+deb12u15
libdatrie-dev:amd64=0.2.13-2+b1
libdatrie1:amd64=0.2.13-2+b1
libdb5.3:amd64=5.3.28+dfsg2-1
libdbus-1-3:amd64=1.14.10-1~deb12u1
libdbus-1-dev:amd64=1.14.10-1~deb12u1
libdconf1:amd64=0.40.0-4
libdebconfclient0:amd64=0.270
libdeflate-dev:amd64=1.14-1
libdeflate0:amd64=1.14-1
libdevmapper1.02.1:amd64=2:1.02.185-2
libdpkg-perl=1.21.23
libdrm-amdgpu1:amd64=2.4.114-1+b1
libdrm-common=2.4.114-1
libdrm-intel1:amd64=2.4.114-1+b1
libdrm-nouveau2:amd64=2.4.114-1+b1
libdrm-radeon1:amd64=2.4.114-1+b1
libdrm2:amd64=2.4.114-1+b1
libedit2:amd64=3.1-20221030-2
libegl-dev:amd64=1.6.0-1
libegl-mesa0:amd64=22.3.6-1+deb12u2
libegl1-mesa-dev:amd64=22.3.6-1+deb12u2
libegl1:amd64=1.6.0-1
libelf1:amd64=0.188-2.1
libepoxy-dev:amd64=1.5.10-1
libepoxy0:amd64=1.5.10-1
liberror-perl=0.17029-2
libexpat1-dev:amd64=2.5.0-1+deb12u2
libexpat1:amd64=2.5.0-1+deb12u2
libext2fs2:amd64=1.47.0-2+b2
libfdisk1:amd64=2.38.1-5+deb12u3
libffi-dev:amd64=3.4.4-1
libffi8:amd64=3.4.4-1
libfontconfig-dev:amd64=2.14.1-4
libfontconfig1:amd64=2.14.1-4
libfreetype-dev:amd64=2.12.1+dfsg-5+deb12u4
libfreetype6:amd64=2.12.1+dfsg-5+deb12u4
libfribidi-dev:amd64=1.0.8-2.1
libfribidi0:amd64=1.0.8-2.1
libgbm1:amd64=22.3.6-1+deb12u2
libgc1:amd64=1:8.2.2-3
libgcc-12-dev:amd64=12.2.0-14+deb12u1
libgcc-s1:amd64=12.2.0-14+deb12u1
libgcrypt20-dev=1.10.1-3+deb12u1
libgcrypt20:amd64=1.10.1-3+deb12u1
libgdbm-compat4:amd64=1.23-3
libgdbm6:amd64=1.23-3
libgdk-pixbuf-2.0-0:amd64=2.42.10+dfsg-1+deb12u4
libgdk-pixbuf-2.0-dev:amd64=2.42.10+dfsg-1+deb12u4
libgdk-pixbuf2.0-bin=2.42.10+dfsg-1+deb12u4
libgdk-pixbuf2.0-common=2.42.10+dfsg-1+deb12u4
libgirepository-1.0-1:amd64=1.74.0-3
libgl-dev:amd64=1.6.0-1
libgl1-mesa-dev:amd64=22.3.6-1+deb12u2
libgl1-mesa-dri:amd64=22.3.6-1+deb12u2
libgl1:amd64=1.6.0-1
libglapi-mesa:amd64=22.3.6-1+deb12u2
libgles-dev:amd64=1.6.0-1
libgles1:amd64=1.6.0-1
libgles2:amd64=1.6.0-1
libglib2.0-0:amd64=2.74.6-2+deb12u9
libglib2.0-bin=2.74.6-2+deb12u9
libglib2.0-data=2.74.6-2+deb12u9
libglib2.0-dev-bin=2.74.6-2+deb12u9
libglib2.0-dev:amd64=2.74.6-2+deb12u9
libglvnd-core-dev:amd64=1.6.0-1
libglvnd-dev:amd64=1.6.0-1
libglvnd0:amd64=1.6.0-1
libglx-dev:amd64=1.6.0-1
libglx-mesa0:amd64=22.3.6-1+deb12u2
libglx0:amd64=1.6.0-1
libgmp10:amd64=2:6.2.1+dfsg1-1.1
libgnutls30:amd64=3.7.9-2+deb12u7
libgomp1:amd64=12.2.0-14+deb12u1
libgpg-error-dev=1.46-1
libgpg-error0:amd64=1.46-1
libgprofng0:amd64=2.40-2
libgraphite2-3:amd64=1.3.14-1+deb12u1
libgraphite2-dev:amd64=1.3.14-1+deb12u1
libgssapi-krb5-2:amd64=1.20.1-2+deb12u5
libgtk-3-0:amd64=3.24.38-2~deb12u3
libgtk-3-common=3.24.38-2~deb12u3
libgtk-3-dev:amd64=3.24.38-2~deb12u3
libharfbuzz-dev:amd64=6.0.0+dfsg-3
libharfbuzz-gobject0:amd64=6.0.0+dfsg-3
libharfbuzz-icu0:amd64=6.0.0+dfsg-3
libharfbuzz-subset0:amd64=6.0.0+dfsg-3
libharfbuzz0b:amd64=6.0.0+dfsg-3
libhogweed6:amd64=3.8.1-2
libice-dev:amd64=2:1.0.10-1
libice6:amd64=2:1.0.10-1
libicu-dev:amd64=72.1-3+deb12u1
libicu72:amd64=72.1-3+deb12u1
libidn2-0:amd64=2.3.3-1+b1
libip4tc2:amd64=1.8.9-2
libisl23:amd64=0.25-1.1
libitm1:amd64=12.2.0-14+deb12u1
libjansson4:amd64=2.14-2
libjbig-dev:amd64=2.1-6.1
libjbig0:amd64=2.1-6.1
libjpeg-dev:amd64=1:2.1.5-2
libjpeg62-turbo-dev:amd64=1:2.1.5-2
libjpeg62-turbo:amd64=1:2.1.5-2
libjson-c5:amd64=0.16-2
libjsoncpp25:amd64=1.9.5-4
libk5crypto3:amd64=1.20.1-2+deb12u5
libkeyutils1:amd64=1.6.3-2
libkmod2:amd64=30+20221128-1
libkrb5-3:amd64=1.20.1-2+deb12u5
libkrb5support0:amd64=1.20.1-2+deb12u5
liblcms2-2:amd64=2.14-2+deb12u1
libldap-2.5-0:amd64=2.5.13+dfsg-5
liblerc-dev:amd64=4.0.0+ds-2
liblerc4:amd64=4.0.0+ds-2
libllvm14:amd64=1:14.0.6-12
libllvm15:amd64=1:15.0.6-4+b1
liblsan0:amd64=12.2.0-14+deb12u1
liblz4-1:amd64=1.9.4-1
liblzma-dev:amd64=5.4.1-1+deb12u1
liblzma5:amd64=5.4.1-1+deb12u1
liblzo2-2:amd64=2.10-2
libmd0:amd64=1.0.4-2
libmount-dev:amd64=2.38.1-5+deb12u3
libmount1:amd64=2.38.1-5+deb12u3
libmpc3:amd64=1.3.1-1
libmpfr6:amd64=4.2.0-1
libncursesw6:amd64=6.4-4
libnettle8:amd64=3.8.1-2
libnghttp2-14:amd64=1.52.0-1+deb12u3
libnsl-dev:amd64=1.3.0-2
libnsl2:amd64=1.3.0-2
libobjc-12-dev:amd64=12.2.0-14+deb12u1
libobjc4:amd64=12.2.0-14+deb12u1
libopengl-dev:amd64=1.6.0-1
libopengl0:amd64=1.6.0-1
libp11-kit0:amd64=0.24.1-2
libpam-modules-bin=1.5.2-6+deb12u2
libpam-modules:amd64=1.5.2-6+deb12u2
libpam-runtime=1.5.2-6+deb12u2
libpam-systemd:amd64=252.39-1~deb12u2
libpam0g:amd64=1.5.2-6+deb12u2
libpango-1.0-0:amd64=1.50.12+ds-1
libpango1.0-dev:amd64=1.50.12+ds-1
libpangocairo-1.0-0:amd64=1.50.12+ds-1
libpangoft2-1.0-0:amd64=1.50.12+ds-1
libpangoxft-1.0-0:amd64=1.50.12+ds-1
libpciaccess0:amd64=0.17-2
libpcre2-16-0:amd64=10.42-1
libpcre2-32-0:amd64=10.42-1
libpcre2-8-0:amd64=10.42-1
libpcre2-dev:amd64=10.42-1
libpcre2-posix3:amd64=10.42-1
libperl5.36:amd64=5.36.0-7+deb12u3
libpixman-1-0:amd64=0.42.2-1
libpixman-1-dev:amd64=0.42.2-1
libpkgconf3:amd64=1.8.1-1
libpng-dev:amd64=1.6.39-2+deb12u5
libpng16-16:amd64=1.6.39-2+deb12u5
libproc2-0:amd64=2:4.0.2-3
libpsl5:amd64=0.21.2-1
libpthread-stubs0-dev:amd64=0.4-1
libpython3-stdlib:amd64=3.11.2-1+b1
libpython3.11-minimal:amd64=3.11.2-6+deb12u8
libpython3.11-stdlib:amd64=3.11.2-6+deb12u8
libquadmath0:amd64=12.2.0-14+deb12u1
libreadline8:amd64=8.2-1.3
librhash0:amd64=1.4.3-3
librtmp1:amd64=2.4+20151223.gitfa8646d.1-2+b2
libsasl2-2:amd64=2.1.28+dfsg-10
libsasl2-modules-db:amd64=2.1.28+dfsg-10
libseccomp2:amd64=2.5.4-1+deb12u1
libsecret-1-0:amd64=0.20.5-3
libsecret-1-dev:amd64=0.20.5-3
libsecret-common=0.20.5-3
libselinux1-dev:amd64=3.4-1+b6
libselinux1:amd64=3.4-1+b6
libsemanage-common=3.4-1
libsemanage2:amd64=3.4-1+b5
libsensors-config=1:3.6.0-7.1
libsensors5:amd64=1:3.6.0-7.1
libsepol-dev:amd64=3.4-2.1
libsepol2:amd64=3.4-2.1
libsm-dev:amd64=2:1.2.3-1
libsm6:amd64=2:1.2.3-1
libsmartcols1:amd64=2.38.1-5+deb12u3
libsqlite3-0:amd64=3.40.1-2+deb12u2
libss2:amd64=1.47.0-2+b2
libssh2-1:amd64=1.10.0-3+b1
libssl3:amd64=3.0.20-1~deb12u2
libstdc++-12-dev:amd64=12.2.0-14+deb12u1
libstdc++6:amd64=12.2.0-14+deb12u1
libsystemd-shared:amd64=252.39-1~deb12u2
libsystemd0:amd64=252.39-1~deb12u2
libtasn1-6:amd64=4.19.0-2+deb12u1
libthai-data=0.1.29-1
libthai-dev:amd64=0.1.29-1
libthai0:amd64=0.1.29-1
libtiff-dev:amd64=4.5.0-6+deb12u4
libtiff6:amd64=4.5.0-6+deb12u4
libtiffxx6:amd64=4.5.0-6+deb12u4
libtinfo6:amd64=6.4-4
libtirpc-common=1.3.3+ds-1
libtirpc-dev:amd64=1.3.3+ds-1
libtirpc3:amd64=1.3.3+ds-1
libtsan2:amd64=12.2.0-14+deb12u1
libubsan1:amd64=12.2.0-14+deb12u1
libudev1:amd64=252.39-1~deb12u2
libunistring2:amd64=1.0-2
libuuid1:amd64=2.38.1-5+deb12u3
libuv1:amd64=1.44.2-1+deb12u1
libwayland-bin=1.21.0-1
libwayland-client0:amd64=1.21.0-1
libwayland-cursor0:amd64=1.21.0-1
libwayland-dev:amd64=1.21.0-1
libwayland-egl1:amd64=1.21.0-1
libwayland-server0:amd64=1.21.0-1
libwebp-dev:amd64=1.2.4-0.2+deb12u1
libwebp7:amd64=1.2.4-0.2+deb12u1
libwebpdemux2:amd64=1.2.4-0.2+deb12u1
libwebpmux3:amd64=1.2.4-0.2+deb12u1
libx11-6:amd64=2:1.8.4-2+deb12u2
libx11-data=2:1.8.4-2+deb12u2
libx11-dev:amd64=2:1.8.4-2+deb12u2
libx11-xcb1:amd64=2:1.8.4-2+deb12u2
libxau-dev:amd64=1:1.0.9-1
libxau6:amd64=1:1.0.9-1
libxcb-dri2-0:amd64=1.15-1
libxcb-dri3-0:amd64=1.15-1
libxcb-glx0:amd64=1.15-1
libxcb-present0:amd64=1.15-1
libxcb-randr0:amd64=1.15-1
libxcb-render0-dev:amd64=1.15-1
libxcb-render0:amd64=1.15-1
libxcb-shm0-dev:amd64=1.15-1
libxcb-shm0:amd64=1.15-1
libxcb-sync1:amd64=1.15-1
libxcb-xfixes0:amd64=1.15-1
libxcb1-dev:amd64=1.15-1
libxcb1:amd64=1.15-1
libxcomposite-dev:amd64=1:0.4.5-1
libxcomposite1:amd64=1:0.4.5-1
libxcursor-dev:amd64=1:1.2.1-1
libxcursor1:amd64=1:1.2.1-1
libxdamage-dev:amd64=1:1.1.6-1
libxdamage1:amd64=1:1.1.6-1
libxdmcp-dev:amd64=1:1.1.2-3
libxdmcp6:amd64=1:1.1.2-3
libxext-dev:amd64=2:1.3.4-1+b1
libxext6:amd64=2:1.3.4-1+b1
libxfixes-dev:amd64=1:6.0.0-2
libxfixes3:amd64=1:6.0.0-2
libxft-dev:amd64=2.3.6-1
libxft2:amd64=2.3.6-1
libxi-dev:amd64=2:1.8-1+b1
libxi6:amd64=2:1.8-1+b1
libxinerama-dev:amd64=2:1.1.4-3
libxinerama1:amd64=2:1.1.4-3
libxkbcommon-dev:amd64=1.5.0-1
libxkbcommon0:amd64=1.5.0-1
libxml2:amd64=2.9.14+dfsg-1.3~deb12u6
libxrandr-dev:amd64=2:1.5.2-2+b1
libxrandr2:amd64=2:1.5.2-2+b1
libxrender-dev:amd64=1:0.9.10-1.1
libxrender1:amd64=1:0.9.10-1.1
libxshmfence1:amd64=1.3-1
libxtst-dev:amd64=2:1.2.3-1.1
libxtst6:amd64=2:1.2.3-1.1
libxxf86vm1:amd64=1:1.1.4-1+b2
libxxhash0:amd64=0.8.1-1
libz3-4:amd64=4.8.12-3.1
libzstd-dev:amd64=1.5.4+dfsg2-5
libzstd1:amd64=1.5.4+dfsg2-5
linux-libc-dev:amd64=6.1.176-1
llvm-14-linker-tools=1:14.0.6-12
login=1:4.13+dfsg1-1+deb12u2
logsave=1.47.0-2+b2
make=4.3-4.1
mawk=1.3.4.20200120-3.1
media-types=10.0.0
meson=1.0.1-5
mount=2.38.1-5+deb12u3
ncurses-base=6.4-4
ncurses-bin=6.4-4
ninja-build=1.11.1-2~deb12u1
openssl=3.0.20-1~deb12u2
pango1.0-tools=1.50.12+ds-1
passwd=1:4.13+dfsg1-1+deb12u2
patch=2.7.6-7
perl-base=5.36.0-7+deb12u3
perl-modules-5.36=5.36.0-7+deb12u3
perl=5.36.0-7+deb12u3
pkg-config:amd64=1.8.1-1
pkgconf-bin=1.8.1-1
pkgconf:amd64=1.8.1-1
procps=2:4.0.2-3
python3-distutils=3.11.2-3
python3-lib2to3=3.11.2-3
python3-minimal=3.11.2-1+b1
python3-pkg-resources=66.1.1-1+deb12u2
python3-setuptools=66.1.1-1+deb12u2
python3.11-minimal=3.11.2-6+deb12u8
python3.11=3.11.2-6+deb12u8
python3=3.11.2-1+b1
readline-common=8.2-1.3
rpcsvc-proto=1.4.3-1
sed=4.9-1+deb12u1
sgml-base=1.31
shared-mime-info=2.2-1
systemd-sysv=252.39-1~deb12u2
systemd=252.39-1~deb12u2
sysvinit-utils=3.06-4
tar=1.34+dfsg-1.2+deb12u1
tzdata=2026b-0+deb12u1
unzip=6.0-28
usr-is-merged=37~deb12u1
util-linux-extra=2.38.1-5+deb12u3
util-linux=2.38.1-5+deb12u3
uuid-dev:amd64=2.38.1-5+deb12u3
wayland-protocols=1.31-1
x11-common=1:7.7+23
x11proto-dev=2022.1-1
x11proto-xext-dev=2022.1-1
xkb-data=2.35.1-1
xml-core=0.18+nmu1
xorg-sgml-doctools=1:1.11-1.1
xtrans-dev=1.4.0-1
xz-utils=5.4.1-1+deb12u1
zlib1g-dev:amd64=1:1.2.13.dfsg-1
zlib1g:amd64=1:1.2.13.dfsg-1
