PODS:
  - flutter_libepiccash (0.0.1):
    - FlutterMacOS
  - FlutterMacOS (1.0.0)
  - frostdart (0.0.1):
    - FlutterMacOS
  - lelantus (0.0.1):
    - FlutterMacOS

DEPENDENCIES:
  - flutter_libepiccash (from `Flutter/ephemeral/.symlinks/plugins/flutter_libepiccash/macos`)
  - FlutterMacOS (from `Flutter/ephemeral`)
  - frostdart (from `Flutter/ephemeral/.symlinks/plugins/frostdart/macos`)
  - lelantus (from `Flutter/ephemeral/.symlinks/plugins/lelantus/macos`)

EXTERNAL SOURCES:
  flutter_libepiccash:
    :path: Flutter/ephemeral/.symlinks/plugins/flutter_libepiccash/macos
  FlutterMacOS:
    :path: Flutter/ephemeral
  frostdart:
    :path: Flutter/ephemeral/.symlinks/plugins/frostdart/macos
  lelantus:
    :path: Flutter/ephemeral/.symlinks/plugins/lelantus/macos

SPEC CHECKSUMS:
  flutter_libepiccash: be1560a04150c5cc85bcf08d236ec2b3d1f5d8da
  FlutterMacOS: 8f6f14fa908a6fb3fba0cd85dbd81ec4b251fb24
  frostdart: e6bf3119527ccfbcec1b8767da6ede5bb4c4f716
  lelantus: 308e42c5a648598936a07a234471dd8cf8e687a0

PODFILE CHECKSUM: 236401fc2c932af29a9fcf0e97baeeb2d750d367

COCOAPODS: 1.16.2
