PODS:
  - camera_macos (0.0.1):
    - FlutterMacOS
  - coinlib_flutter (0.5.0):
    - Flutter
    - FlutterMacOS
  - connectivity_plus (0.0.1):
    - FlutterMacOS
    - ReachabilitySwift
  - cs_monero_flutter_libs_macos (0.0.1):
    - FlutterMacOS
  - cs_salvium_flutter_libs_macos (0.0.1):
    - FlutterMacOS
  - desktop_drop (0.0.1):
    - FlutterMacOS
  - device_info_plus (0.0.1):
    - FlutterMacOS
  - devicelocale (0.0.1):
    - FlutterMacOS
  - file_picker (0.0.1):
    - FlutterMacOS
  - flutter_libepiccash (0.0.1):
    - FlutterMacOS
  - flutter_libsparkmobile (0.0.1):
    - FlutterMacOS
  - flutter_local_notifications (0.0.1):
    - FlutterMacOS
  - flutter_secure_storage_macos (6.1.1):
    - FlutterMacOS
  - FlutterMacOS (1.0.0)
  - frostdart (0.0.1):
    - FlutterMacOS
  - isar_flutter_libs (1.0.0):
    - FlutterMacOS
  - local_auth_darwin (0.0.1):
    - Flutter
    - FlutterMacOS
  - package_info_plus (0.0.1):
    - FlutterMacOS
  - path_provider_foundation (0.0.1):
    - Flutter
    - FlutterMacOS
  - ReachabilitySwift (5.2.3)
  - share_plus (0.0.1):
    - FlutterMacOS
  - "sqlite3 (3.46.0+1)":
    - "sqlite3/common (= 3.46.0+1)"
  - "sqlite3/common (3.46.0+1)"
  - "sqlite3/dbstatvtab (3.46.0+1)":
    - sqlite3/common
  - "sqlite3/fts5 (3.46.0+1)":
    - sqlite3/common
  - "sqlite3/perf-threadsafe (3.46.0+1)":
    - sqlite3/common
  - "sqlite3/rtree (3.46.0+1)":
    - sqlite3/common
  - sqlite3_flutter_libs (0.0.1):
    - FlutterMacOS
    - "sqlite3 (~> 3.46.0+1)"
    - sqlite3/dbstatvtab
    - sqlite3/fts5
    - sqlite3/perf-threadsafe
    - sqlite3/rtree
  - stack_wallet_backup (0.0.1):
    - FlutterMacOS
  - tor_ffi_plugin (0.0.1)
  - url_launcher_macos (0.0.1):
    - FlutterMacOS
  - wakelock_plus (0.0.1):
    - FlutterMacOS
  - window_size (0.0.2):
    - FlutterMacOS
  - xelis_flutter (0.0.1):
    - FlutterMacOS

DEPENDENCIES:
  - camera_macos (from `Flutter/ephemeral/.symlinks/plugins/camera_macos/macos`)
  - coinlib_flutter (from `Flutter/ephemeral/.symlinks/plugins/coinlib_flutter/darwin`)
  - connectivity_plus (from `Flutter/ephemeral/.symlinks/plugins/connectivity_plus/macos`)
  - cs_monero_flutter_libs_macos (from `Flutter/ephemeral/.symlinks/plugins/cs_monero_flutter_libs_macos/macos`)
  - cs_salvium_flutter_libs_macos (from `Flutter/ephemeral/.symlinks/plugins/cs_salvium_flutter_libs_macos/macos`)
  - desktop_drop (from `Flutter/ephemeral/.symlinks/plugins/desktop_drop/macos`)
  - device_info_plus (from `Flutter/ephemeral/.symlinks/plugins/device_info_plus/macos`)
  - devicelocale (from `Flutter/ephemeral/.symlinks/plugins/devicelocale/macos`)
  - file_picker (from `Flutter/ephemeral/.symlinks/plugins/file_picker/macos`)
  - flutter_libepiccash (from `Flutter/ephemeral/.symlinks/plugins/flutter_libepiccash/macos`)
  - flutter_libsparkmobile (from `Flutter/ephemeral/.symlinks/plugins/flutter_libsparkmobile/macos`)
  - flutter_local_notifications (from `Flutter/ephemeral/.symlinks/plugins/flutter_local_notifications/macos`)
  - flutter_secure_storage_macos (from `Flutter/ephemeral/.symlinks/plugins/flutter_secure_storage_macos/macos`)
  - FlutterMacOS (from `Flutter/ephemeral`)
  - frostdart (from `Flutter/ephemeral/.symlinks/plugins/frostdart/macos`)
  - isar_flutter_libs (from `Flutter/ephemeral/.symlinks/plugins/isar_flutter_libs/macos`)
  - local_auth_darwin (from `Flutter/ephemeral/.symlinks/plugins/local_auth_darwin/darwin`)
  - package_info_plus (from `Flutter/ephemeral/.symlinks/plugins/package_info_plus/macos`)
  - path_provider_foundation (from `Flutter/ephemeral/.symlinks/plugins/path_provider_foundation/darwin`)
  - share_plus (from `Flutter/ephemeral/.symlinks/plugins/share_plus/macos`)
  - sqlite3_flutter_libs (from `Flutter/ephemeral/.symlinks/plugins/sqlite3_flutter_libs/macos`)
  - stack_wallet_backup (from `Flutter/ephemeral/.symlinks/plugins/stack_wallet_backup/macos`)
  - tor_ffi_plugin (from `Flutter/ephemeral/.symlinks/plugins/tor_ffi_plugin/macos`)
  - url_launcher_macos (from `Flutter/ephemeral/.symlinks/plugins/url_launcher_macos/macos`)
  - wakelock_plus (from `Flutter/ephemeral/.symlinks/plugins/wakelock_plus/macos`)
  - window_size (from `Flutter/ephemeral/.symlinks/plugins/window_size/macos`)
  - xelis_flutter (from `Flutter/ephemeral/.symlinks/plugins/xelis_flutter/macos`)

SPEC REPOS:
  trunk:
    - ReachabilitySwift
    - sqlite3

EXTERNAL SOURCES:
  camera_macos:
    :path: Flutter/ephemeral/.symlinks/plugins/camera_macos/macos
  coinlib_flutter:
    :path: Flutter/ephemeral/.symlinks/plugins/coinlib_flutter/darwin
  connectivity_plus:
    :path: Flutter/ephemeral/.symlinks/plugins/connectivity_plus/macos
  cs_monero_flutter_libs_macos:
    :path: Flutter/ephemeral/.symlinks/plugins/cs_monero_flutter_libs_macos/macos
  cs_salvium_flutter_libs_macos:
    :path: Flutter/ephemeral/.symlinks/plugins/cs_salvium_flutter_libs_macos/macos
  desktop_drop:
    :path: Flutter/ephemeral/.symlinks/plugins/desktop_drop/macos
  device_info_plus:
    :path: Flutter/ephemeral/.symlinks/plugins/device_info_plus/macos
  devicelocale:
    :path: Flutter/ephemeral/.symlinks/plugins/devicelocale/macos
  file_picker:
    :path: Flutter/ephemeral/.symlinks/plugins/file_picker/macos
  flutter_libepiccash:
    :path: Flutter/ephemeral/.symlinks/plugins/flutter_libepiccash/macos
  flutter_libsparkmobile:
    :path: Flutter/ephemeral/.symlinks/plugins/flutter_libsparkmobile/macos
  flutter_local_notifications:
    :path: Flutter/ephemeral/.symlinks/plugins/flutter_local_notifications/macos
  flutter_secure_storage_macos:
    :path: Flutter/ephemeral/.symlinks/plugins/flutter_secure_storage_macos/macos
  FlutterMacOS:
    :path: Flutter/ephemeral
  frostdart:
    :path: Flutter/ephemeral/.symlinks/plugins/frostdart/macos
  isar_flutter_libs:
    :path: Flutter/ephemeral/.symlinks/plugins/isar_flutter_libs/macos
  local_auth_darwin:
    :path: Flutter/ephemeral/.symlinks/plugins/local_auth_darwin/darwin
  package_info_plus:
    :path: Flutter/ephemeral/.symlinks/plugins/package_info_plus/macos
  path_provider_foundation:
    :path: Flutter/ephemeral/.symlinks/plugins/path_provider_foundation/darwin
  share_plus:
    :path: Flutter/ephemeral/.symlinks/plugins/share_plus/macos
  sqlite3_flutter_libs:
    :path: Flutter/ephemeral/.symlinks/plugins/sqlite3_flutter_libs/macos
  stack_wallet_backup:
    :path: Flutter/ephemeral/.symlinks/plugins/stack_wallet_backup/macos
  tor_ffi_plugin:
    :path: Flutter/ephemeral/.symlinks/plugins/tor_ffi_plugin/macos
  url_launcher_macos:
    :path: Flutter/ephemeral/.symlinks/plugins/url_launcher_macos/macos
  wakelock_plus:
    :path: Flutter/ephemeral/.symlinks/plugins/wakelock_plus/macos
  window_size:
    :path: Flutter/ephemeral/.symlinks/plugins/window_size/macos
  xelis_flutter:
    :path: Flutter/ephemeral/.symlinks/plugins/xelis_flutter/macos

SPEC CHECKSUMS:
  camera_macos: c2603f5eed16f05076cf17e12030d2ce55a77839
  coinlib_flutter: 9275e8255ef67d3da33beb6e117d09ced4f46eb5
  connectivity_plus: 18d3c32514c886e046de60e9c13895109866c747
  cs_monero_flutter_libs_macos: b901f94d39d1338f706312b026aba928d23582d4
  cs_salvium_flutter_libs_macos: 3c7b30fb8c82ee0fb0195280ddcc10c65ab5e082
  desktop_drop: 69eeff437544aa619c8db7f4481b3a65f7696898
  device_info_plus: ce1b7762849d3ec103d0e0517299f2db7ad60720
  devicelocale: 9f0f36ac651cabae2c33f32dcff4f32b61c38225
  file_picker: e716a70a9fe5fd9e09ebc922d7541464289443af
  flutter_libepiccash: be1560a04150c5cc85bcf08d236ec2b3d1f5d8da
  flutter_libsparkmobile: df2d36af1691379c81249e7be7b68be3c81d388b
  flutter_local_notifications: 4b427ffabf278fc6ea9484c97505e231166927a5
  flutter_secure_storage_macos: 59459653abe1adb92abbc8ea747d79f8d19866c9
  FlutterMacOS: 8f6f14fa908a6fb3fba0cd85dbd81ec4b251fb24
  frostdart: e6bf3119527ccfbcec1b8767da6ede5bb4c4f716
  isar_flutter_libs: 43385c99864c168fadba7c9adeddc5d38838ca6a
  local_auth_darwin: 66e40372f1c29f383a314c738c7446e2f7fdadc3
  package_info_plus: 12f1c5c2cfe8727ca46cbd0b26677728972d9a5b
  path_provider_foundation: 2b6b4c569c0fb62ec74538f866245ac84301af46
  ReachabilitySwift: 7f151ff156cea1481a8411701195ac6a984f4979
  share_plus: 76dd39142738f7a68dd57b05093b5e8193f220f7
  sqlite3: 292c3e1bfe89f64e51ea7fc7dab9182a017c8630
  sqlite3_flutter_libs: 5ca46c1a04eddfbeeb5b16566164aa7ad1616e7b
  stack_wallet_backup: 6ebc60b1bdcf11cf1f1cbad9aa78332e1e15778c
  tor_ffi_plugin: 2566c1ed174688cca560fa0c64b7a799c66f07cb
  url_launcher_macos: c82c93949963e55b228a30115bd219499a6fe404
  wakelock_plus: 4783562c9a43d209c458cb9b30692134af456269
  window_size: 339dafa0b27a95a62a843042038fa6c3c48de195
  xelis_flutter: 34e05f3621e46381fb1b10d7c11f63764d3f7a80

PODFILE CHECKSUM: 236401fc2c932af29a9fcf0e97baeeb2d750d367

COCOAPODS: 1.16.2
